// !$*UTF8*$!
{
	archiveVersion = 1;
	classes = {
	};
	objectVersion = 56;
	objects = {

/* Begin PBXBuildFile section */
		E4712ABD2CA28BD1004437E4 /* TestTaskApp.swift in Sources */ = {isa = PBXBuildFile; fileRef = E4712ABC2CA28BD1004437E4 /* TestTaskApp.swift */; };
		E4712ABF2CA28BD1004437E4 /* ContentView.swift in Sources */ = {isa = PBXBuildFile; fileRef = E4712ABE2CA28BD1004437E4 /* ContentView.swift */; };
		E4712AC12CA28BD2004437E4 /* Assets.xcassets in Resources */ = {isa = PBXBuildFile; fileRef = E4712AC02CA28BD2004437E4 /* Assets.xcassets */; };
		E4712AC42CA28BD2004437E4 /* Preview Assets.xcassets in Resources */ = {isa = PBXBuildFile; fileRef = E4712AC32CA28BD2004437E4 /* Preview Assets.xcassets */; };
		E4712ACE2CA28E75004437E4 /* SplashScreenView.swift in Sources */ = {isa = PBXBuildFile; fileRef = E4712ACD2CA28E75004437E4 /* SplashScreenView.swift */; };
		E4712AD12CA29341004437E4 /* Button+.swift in Sources */ = {isa = PBXBuildFile; fileRef = E4712AD02CA29341004437E4 /* Button+.swift */; };
		E4712AD62CA2945F004437E4 /* ConnectionView.swift in Sources */ = {isa = PBXBuildFile; fileRef = E4712AD52CA2945F004437E4 /* ConnectionView.swift */; };
		E4712AD92CA29612004437E4 /* NetworkMonitor.swift in Sources */ = {isa = PBXBuildFile; fileRef = E4712AD82CA29612004437E4 /* NetworkMonitor.swift */; };
		E4712ADB2CA2971D004437E4 /* MainView.swift in Sources */ = {isa = PBXBuildFile; fileRef = E4712ADA2CA2971D004437E4 /* MainView.swift */; };
		E4712AE02CA29E74004437E4 /* UsersListView.swift in Sources */ = {isa = PBXBuildFile; fileRef = E4712ADF2CA29E74004437E4 /* UsersListView.swift */; };
		E4712AE32CA29EBC004437E4 /* SignUpView.swift in Sources */ = {isa = PBXBuildFile; fileRef = E4712AE22CA29EBC004437E4 /* SignUpView.swift */; };
		E4712AEC2CA2A2C0004437E4 /* NetworkService.swift in Sources */ = {isa = PBXBuildFile; fileRef = E4712AEB2CA2A2C0004437E4 /* NetworkService.swift */; };
		E4712AF02CA2AA85004437E4 /* UsersResponseData.swift in Sources */ = {isa = PBXBuildFile; fileRef = E4712AEF2CA2AA85004437E4 /* UsersResponseData.swift */; };
		E4712AF42CA2B17E004437E4 /* User.swift in Sources */ = {isa = PBXBuildFile; fileRef = E4712AF32CA2B17E004437E4 /* User.swift */; };
		E4712AF62CA2C25D004437E4 /* NetworkApiMethods.swift in Sources */ = {isa = PBXBuildFile; fileRef = E4712AF52CA2C25D004437E4 /* NetworkApiMethods.swift */; };
		E4712AF82CA2C88C004437E4 /* UserView.swift in Sources */ = {isa = PBXBuildFile; fileRef = E4712AF72CA2C88C004437E4 /* UserView.swift */; };
		E4712AFA2CA2CFF7004437E4 /* UserDetailView.swift in Sources */ = {isa = PBXBuildFile; fileRef = E4712AF92CA2CFF7004437E4 /* UserDetailView.swift */; };
		E4712AFD2CA2DC71004437E4 /* HeaderView.swift in Sources */ = {isa = PBXBuildFile; fileRef = E4712AFC2CA2DC71004437E4 /* HeaderView.swift */; };
		E4712B002CA2DF89004437E4 /* PositionsView.swift in Sources */ = {isa = PBXBuildFile; fileRef = E4712AFF2CA2DF89004437E4 /* PositionsView.swift */; };
		E4712B022CA2E340004437E4 /* RadioButton.swift in Sources */ = {isa = PBXBuildFile; fileRef = E4712B012CA2E340004437E4 /* RadioButton.swift */; };
		E4712B042CA2E6E2004437E4 /* PositionsResponseData.swift in Sources */ = {isa = PBXBuildFile; fileRef = E4712B032CA2E6E2004437E4 /* PositionsResponseData.swift */; };
		E4712B062CA2EBCE004437E4 /* SignUpViewModel.swift in Sources */ = {isa = PBXBuildFile; fileRef = E4712B052CA2EBCE004437E4 /* SignUpViewModel.swift */; };
		E4712B0A2CA33427004437E4 /* Colors.swift in Sources */ = {isa = PBXBuildFile; fileRef = E4712B092CA33427004437E4 /* Colors.swift */; };
		E4712B0C2CA33838004437E4 /* TextField+.swift in Sources */ = {isa = PBXBuildFile; fileRef = E4712B0B2CA33838004437E4 /* TextField+.swift */; };
		E4712B112CA3E91D004437E4 /* UploadPhotoView.swift in Sources */ = {isa = PBXBuildFile; fileRef = E4712B102CA3E91D004437E4 /* UploadPhotoView.swift */; };
		E4712B142CA3F98A004437E4 /* SignUpButoonView.swift in Sources */ = {isa = PBXBuildFile; fileRef = E4712B132CA3F98A004437E4 /* SignUpButoonView.swift */; };
		E4712B182CA41648004437E4 /* TokenResponseData.swift in Sources */ = {isa = PBXBuildFile; fileRef = E4712B172CA41648004437E4 /* TokenResponseData.swift */; };
		E4712B1B2CA4182B004437E4 /* TextFieldsGroupView.swift in Sources */ = {isa = PBXBuildFile; fileRef = E4712B1A2CA4182B004437E4 /* TextFieldsGroupView.swift */; };
		E4712B1D2CA41B0B004437E4 /* UserData.swift in Sources */ = {isa = PBXBuildFile; fileRef = E4712B1C2CA41B0B004437E4 /* UserData.swift */; };
		E4712B1F2CA45521004437E4 /* View+.swift in Sources */ = {isa = PBXBuildFile; fileRef = E4712B1E2CA45521004437E4 /* View+.swift */; };
		E4712B212CA4568D004437E4 /* Data+.swift in Sources */ = {isa = PBXBuildFile; fileRef = E4712B202CA4568C004437E4 /* Data+.swift */; };
		E4A303FD2CA530E5006978A9 /* SuccessRegisteredView.swift in Sources */ = {isa = PBXBuildFile; fileRef = E4A303FC2CA530E5006978A9 /* SuccessRegisteredView.swift */; };
		E4A303FF2CA533A3006978A9 /* SignUpViewModel+fetchToken.swift in Sources */ = {isa = PBXBuildFile; fileRef = E4A303FE2CA533A3006978A9 /* SignUpViewModel+fetchToken.swift */; };
		E4A304012CA5341A006978A9 /* SignUpViewModel+registerUser.swift in Sources */ = {isa = PBXBuildFile; fileRef = E4A304002CA5341A006978A9 /* SignUpViewModel+registerUser.swift */; };
		E4A304032CA56636006978A9 /* UsersListViewModel.swift in Sources */ = {isa = PBXBuildFile; fileRef = E4A304022CA56636006978A9 /* UsersListViewModel.swift */; };
		E4A304062CA5725E006978A9 /* MainViewModel.swift in Sources */ = {isa = PBXBuildFile; fileRef = E4A304052CA5725E006978A9 /* MainViewModel.swift */; };
		E4A3040A2CA59B9A006978A9 /* Text+.swift in Sources */ = {isa = PBXBuildFile; fileRef = E4A304092CA59B9A006978A9 /* Text+.swift */; };
		E4A3040C2CA5B369006978A9 /* AlreadyRegisteredView.swift in Sources */ = {isa = PBXBuildFile; fileRef = E4A3040B2CA5B369006978A9 /* AlreadyRegisteredView.swift */; };
		E4A3040E2CA5C5C2006978A9 /* KeyboardResponse.swift in Sources */ = {isa = PBXBuildFile; fileRef = E4A3040D2CA5C5C2006978A9 /* KeyboardResponse.swift */; };
		E4A304102CA7338F006978A9 /* Fonts.swift in Sources */ = {isa = PBXBuildFile; fileRef = E4A3040F2CA7338F006978A9 /* Fonts.swift */; };
		E4A304122CA73534006978A9 /* NoUsersView.swift in Sources */ = {isa = PBXBuildFile; fileRef = E4A304112CA73534006978A9 /* NoUsersView.swift */; };
/* End PBXBuildFile section */

/* Begin PBXFileReference section */
		E4712AB92CA28BD1004437E4 /* TestTask.app */ = {isa = PBXFileReference; explicitFileType = wrapper.application; includeInIndex = 0; path = TestTask.app; sourceTree = BUILT_PRODUCTS_DIR; };
		E4712ABC2CA28BD1004437E4 /* TestTaskApp.swift */ = {isa = PBXFileReference; lastKnownFileType = sourcecode.swift; path = TestTaskApp.swift; sourceTree = "<group>"; };
		E4712ABE2CA28BD1004437E4 /* ContentView.swift */ = {isa = PBXFileReference; lastKnownFileType = sourcecode.swift; path = ContentView.swift; sourceTree = "<group>"; };
		E4712AC02CA28BD2004437E4 /* Assets.xcassets */ = {isa = PBXFileReference; lastKnownFileType = folder.assetcatalog; path = Assets.xcassets; sourceTree = "<group>"; };
		E4712AC32CA28BD2004437E4 /* Preview Assets.xcassets */ = {isa = PBXFileReference; lastKnownFileType = folder.assetcatalog; path = "Preview Assets.xcassets"; sourceTree = "<group>"; };
		E4712ACD2CA28E75004437E4 /* SplashScreenView.swift */ = {isa = PBXFileReference; lastKnownFileType = sourcecode.swift; path = SplashScreenView.swift; sourceTree = "<group>"; };
		E4712AD02CA29341004437E4 /* Button+.swift */ = {isa = PBXFileReference; lastKnownFileType = sourcecode.swift; path = "Button+.swift"; sourceTree = "<group>"; };
		E4712AD52CA2945F004437E4 /* ConnectionView.swift */ = {isa = PBXFileReference; lastKnownFileType = sourcecode.swift; path = ConnectionView.swift; sourceTree = "<group>"; };
		E4712AD82CA29612004437E4 /* NetworkMonitor.swift */ = {isa = PBXFileReference; lastKnownFileType = sourcecode.swift; path = NetworkMonitor.swift; sourceTree = "<group>"; };
		E4712ADA2CA2971D004437E4 /* MainView.swift */ = {isa = PBXFileReference; lastKnownFileType = sourcecode.swift; path = MainView.swift; sourceTree = "<group>"; };
		E4712ADF2CA29E74004437E4 /* UsersListView.swift */ = {isa = PBXFileReference; lastKnownFileType = sourcecode.swift; path = UsersListView.swift; sourceTree = "<group>"; };
		E4712AE22CA29EBC004437E4 /* SignUpView.swift */ = {isa = PBXFileReference; lastKnownFileType = sourcecode.swift; path = SignUpView.swift; sourceTree = "<group>"; };
		E4712AEB2CA2A2C0004437E4 /* NetworkService.swift */ = {isa = PBXFileReference; lastKnownFileType = sourcecode.swift; path = NetworkService.swift; sourceTree = "<group>"; };
		E4712AEF2CA2AA85004437E4 /* UsersResponseData.swift */ = {isa = PBXFileReference; lastKnownFileType = sourcecode.swift; path = UsersResponseData.swift; sourceTree = "<group>"; };
		E4712AF32CA2B17E004437E4 /* User.swift */ = {isa = PBXFileReference; lastKnownFileType = sourcecode.swift; path = User.swift; sourceTree = "<group>"; };
		E4712AF52CA2C25D004437E4 /* NetworkApiMethods.swift */ = {isa = PBXFileReference; lastKnownFileType = sourcecode.swift; path = NetworkApiMethods.swift; sourceTree = "<group>"; };
		E4712AF72CA2C88C004437E4 /* UserView.swift */ = {isa = PBXFileReference; lastKnownFileType = sourcecode.swift; path = UserView.swift; sourceTree = "<group>"; };
		E4712AF92CA2CFF7004437E4 /* UserDetailView.swift */ = {isa = PBXFileReference; lastKnownFileType = sourcecode.swift; path = UserDetailView.swift; sourceTree = "<group>"; };
		E4712AFC2CA2DC71004437E4 /* HeaderView.swift */ = {isa = PBXFileReference; lastKnownFileType = sourcecode.swift; path = HeaderView.swift; sourceTree = "<group>"; };
		E4712AFF2CA2DF89004437E4 /* PositionsView.swift */ = {isa = PBXFileReference; lastKnownFileType = sourcecode.swift; path = PositionsView.swift; sourceTree = "<group>"; };
		E4712B012CA2E340004437E4 /* RadioButton.swift */ = {isa = PBXFileReference; lastKnownFileType = sourcecode.swift; path = RadioButton.swift; sourceTree = "<group>"; };
		E4712B032CA2E6E2004437E4 /* PositionsResponseData.swift */ = {isa = PBXFileReference; lastKnownFileType = sourcecode.swift; path = PositionsResponseData.swift; sourceTree = "<group>"; };
		E4712B052CA2EBCE004437E4 /* SignUpViewModel.swift */ = {isa = PBXFileReference; lastKnownFileType = sourcecode.swift; path = SignUpViewModel.swift; sourceTree = "<group>"; };
		E4712B092CA33427004437E4 /* Colors.swift */ = {isa = PBXFileReference; lastKnownFileType = sourcecode.swift; path = Colors.swift; sourceTree = "<group>"; };
		E4712B0B2CA33838004437E4 /* TextField+.swift */ = {isa = PBXFileReference; lastKnownFileType = sourcecode.swift; path = "TextField+.swift"; sourceTree = "<group>"; };
		E4712B102CA3E91D004437E4 /* UploadPhotoView.swift */ = {isa = PBXFileReference; lastKnownFileType = sourcecode.swift; path = UploadPhotoView.swift; sourceTree = "<group>"; };
		E4712B132CA3F98A004437E4 /* SignUpButoonView.swift */ = {isa = PBXFileReference; lastKnownFileType = sourcecode.swift; path = SignUpButoonView.swift; sourceTree = "<group>"; };
		E4712B172CA41648004437E4 /* TokenResponseData.swift */ = {isa = PBXFileReference; lastKnownFileType = sourcecode.swift; path = TokenResponseData.swift; sourceTree = "<group>"; };
		E4712B1A2CA4182B004437E4 /* TextFieldsGroupView.swift */ = {isa = PBXFileReference; lastKnownFileType = sourcecode.swift; path = TextFieldsGroupView.swift; sourceTree = "<group>"; };
		E4712B1C2CA41B0B004437E4 /* UserData.swift */ = {isa = PBXFileReference; lastKnownFileType = sourcecode.swift; path = UserData.swift; sourceTree = "<group>"; };
		E4712B1E2CA45521004437E4 /* View+.swift */ = {isa = PBXFileReference; lastKnownFileType = sourcecode.swift; path = "View+.swift"; sourceTree = "<group>"; };
		E4712B202CA4568C004437E4 /* Data+.swift */ = {isa = PBXFileReference; lastKnownFileType = sourcecode.swift; path = "Data+.swift"; sourceTree = "<group>"; };
		E4A303FC2CA530E5006978A9 /* SuccessRegisteredView.swift */ = {isa = PBXFileReference; lastKnownFileType = sourcecode.swift; path = SuccessRegisteredView.swift; sourceTree = "<group>"; };
		E4A303FE2CA533A3006978A9 /* SignUpViewModel+fetchToken.swift */ = {isa = PBXFileReference; lastKnownFileType = sourcecode.swift; path = "SignUpViewModel+fetchToken.swift"; sourceTree = "<group>"; };
		E4A304002CA5341A006978A9 /* SignUpViewModel+registerUser.swift */ = {isa = PBXFileReference; lastKnownFileType = sourcecode.swift; path = "SignUpViewModel+registerUser.swift"; sourceTree = "<group>"; };
		E4A304022CA56636006978A9 /* UsersListViewModel.swift */ = {isa = PBXFileReference; lastKnownFileType = sourcecode.swift; path = UsersListViewModel.swift; sourceTree = "<group>"; };
		E4A304052CA5725E006978A9 /* MainViewModel.swift */ = {isa = PBXFileReference; lastKnownFileType = sourcecode.swift; path = MainViewModel.swift; sourceTree = "<group>"; };
		E4A304092CA59B9A006978A9 /* Text+.swift */ = {isa = PBXFileReference; lastKnownFileType = sourcecode.swift; path = "Text+.swift"; sourceTree = "<group>"; };
		E4A3040B2CA5B369006978A9 /* AlreadyRegisteredView.swift */ = {isa = PBXFileReference; lastKnownFileType = sourcecode.swift; path = AlreadyRegisteredView.swift; sourceTree = "<group>"; };
		E4A3040D2CA5C5C2006978A9 /* KeyboardResponse.swift */ = {isa = PBXFileReference; lastKnownFileType = sourcecode.swift; path = KeyboardResponse.swift; sourceTree = "<group>"; };
		E4A3040F2CA7338F006978A9 /* Fonts.swift */ = {isa = PBXFileReference; lastKnownFileType = sourcecode.swift; path = Fonts.swift; sourceTree = "<group>"; };
		E4A304112CA73534006978A9 /* NoUsersView.swift */ = {isa = PBXFileReference; lastKnownFileType = sourcecode.swift; path = NoUsersView.swift; sourceTree = "<group>"; };
/* End PBXFileReference section */

/* Begin PBXFrameworksBuildPhase section */
		E4712AB62CA28BD1004437E4 /* Frameworks */ = {
			isa = PBXFrameworksBuildPhase;
			buildActionMask = 2147483647;
			files = (
			);
			runOnlyForDeploymentPostprocessing = 0;
		};
/* End PBXFrameworksBuildPhase section */

/* Begin PBXGroup section */
		E4712AB02CA28BD1004437E4 = {
			isa = PBXGroup;
			children = (
				E4712ABB2CA28BD1004437E4 /* TestTask */,
				E4712ABA2CA28BD1004437E4 /* Products */,
			);
			sourceTree = "<group>";
		};
		E4712ABA2CA28BD1004437E4 /* Products */ = {
			isa = PBXGroup;
			children = (
				E4712AB92CA28BD1004437E4 /* TestTask.app */,
			);
			name = Products;
			sourceTree = "<group>";
		};
		E4712ABB2CA28BD1004437E4 /* TestTask */ = {
			isa = PBXGroup;
			children = (
				E4A303F92CA52C42006978A9 /* Services */,
				E4712ACA2CA28CD6004437E4 /* App */,
				E4A303FA2CA52CD5006978A9 /* Screens */,
				E4712B152CA41635004437E4 /* Model */,
				E4712ACF2CA29328004437E4 /* Extensions */,
				E4712AD72CA295F8004437E4 /* Utils */,
				E4712AD42CA293EF004437E4 /* Assets */,
				E4712AC02CA28BD2004437E4 /* Assets.xcassets */,
				E4712AC22CA28BD2004437E4 /* Preview Content */,
			);
			path = TestTask;
			sourceTree = "<group>";
		};
		E4712AC22CA28BD2004437E4 /* Preview Content */ = {
			isa = PBXGroup;
			children = (
				E4712AC32CA28BD2004437E4 /* Preview Assets.xcassets */,
			);
			path = "Preview Content";
			sourceTree = "<group>";
		};
		E4712ACA2CA28CD6004437E4 /* App */ = {
			isa = PBXGroup;
			children = (
				E4712ABC2CA28BD1004437E4 /* TestTaskApp.swift */,
				E4712ABE2CA28BD1004437E4 /* ContentView.swift */,
			);
			path = App;
			sourceTree = "<group>";
		};
		E4712ACB2CA28CDF004437E4 /* NetworkService */ = {
			isa = PBXGroup;
			children = (
				E4712AEB2CA2A2C0004437E4 /* NetworkService.swift */,
				E4712AF52CA2C25D004437E4 /* NetworkApiMethods.swift */,
			);
			path = NetworkService;
			sourceTree = "<group>";
		};
		E4712ACF2CA29328004437E4 /* Extensions */ = {
			isa = PBXGroup;
			children = (
				E4712AD02CA29341004437E4 /* Button+.swift */,
				E4712B0B2CA33838004437E4 /* TextField+.swift */,
				E4712B1E2CA45521004437E4 /* View+.swift */,
				E4712B202CA4568C004437E4 /* Data+.swift */,
				E4A304092CA59B9A006978A9 /* Text+.swift */,
			);
			path = Extensions;
			sourceTree = "<group>";
		};
		E4712AD22CA29358004437E4 /* Colors */ = {
			isa = PBXGroup;
			children = (
				E4712B092CA33427004437E4 /* Colors.swift */,
			);
			path = Colors;
			sourceTree = "<group>";
		};
		E4712AD32CA29360004437E4 /* Fonts */ = {
			isa = PBXGroup;
			children = (
				E4A3040F2CA7338F006978A9 /* Fonts.swift */,
			);
			path = Fonts;
			sourceTree = "<group>";
		};
		E4712AD42CA293EF004437E4 /* Assets */ = {
			isa = PBXGroup;
			children = (
				E4712AD22CA29358004437E4 /* Colors */,
				E4712AD32CA29360004437E4 /* Fonts */,
			);
			path = Assets;
			sourceTree = "<group>";
		};
		E4712AD72CA295F8004437E4 /* Utils */ = {
			isa = PBXGroup;
			children = (
				E4712AD82CA29612004437E4 /* NetworkMonitor.swift */,
				E4A3040D2CA5C5C2006978A9 /* KeyboardResponse.swift */,
			);
			path = Utils;
			sourceTree = "<group>";
		};
		E4712ADE2CA29E68004437E4 /* UsersView */ = {
			isa = PBXGroup;
			children = (
				E4A304022CA56636006978A9 /* UsersListViewModel.swift */,
				E4712ADF2CA29E74004437E4 /* UsersListView.swift */,
				E4A304042CA5665F006978A9 /* UserView */,
			);
			path = UsersView;
			sourceTree = "<group>";
		};
		E4712AE12CA29EAB004437E4 /* SignUpView */ = {
			isa = PBXGroup;
			children = (
				E4712B052CA2EBCE004437E4 /* SignUpViewModel.swift */,
				E4A303FE2CA533A3006978A9 /* SignUpViewModel+fetchToken.swift */,
				E4A304002CA5341A006978A9 /* SignUpViewModel+registerUser.swift */,
				E4712AE22CA29EBC004437E4 /* SignUpView.swift */,
				E4712B192CA41816004437E4 /* TextFieldsGroupView */,
				E4712AFE2CA2DF74004437E4 /* PositionsView */,
				E4712B0F2CA3E901004437E4 /* UploadPhotoView */,
				E4712B122CA3F975004437E4 /* SignUpButtonView */,
			);
			path = SignUpView;
			sourceTree = "<group>";
		};
		E4712AE72CA2A1EF004437E4 /* MainView */ = {
			isa = PBXGroup;
			children = (
				E4A304052CA5725E006978A9 /* MainViewModel.swift */,
				E4712ADA2CA2971D004437E4 /* MainView.swift */,
			);
			path = MainView;
			sourceTree = "<group>";
		};
		E4712AFE2CA2DF74004437E4 /* PositionsView */ = {
			isa = PBXGroup;
			children = (
				E4712AFF2CA2DF89004437E4 /* PositionsView.swift */,
				E4712B012CA2E340004437E4 /* RadioButton.swift */,
			);
			path = PositionsView;
			sourceTree = "<group>";
		};
		E4712B0F2CA3E901004437E4 /* UploadPhotoView */ = {
			isa = PBXGroup;
			children = (
				E4712B102CA3E91D004437E4 /* UploadPhotoView.swift */,
			);
			path = UploadPhotoView;
			sourceTree = "<group>";
		};
		E4712B122CA3F975004437E4 /* SignUpButtonView */ = {
			isa = PBXGroup;
			children = (
				E4712B132CA3F98A004437E4 /* SignUpButoonView.swift */,
			);
			path = SignUpButtonView;
			sourceTree = "<group>";
		};
		E4712B152CA41635004437E4 /* Model */ = {
			isa = PBXGroup;
			children = (
				E4712AF32CA2B17E004437E4 /* User.swift */,
				E4712B172CA41648004437E4 /* TokenResponseData.swift */,
				E4712AEF2CA2AA85004437E4 /* UsersResponseData.swift */,
				E4712B032CA2E6E2004437E4 /* PositionsResponseData.swift */,
				E4712B1C2CA41B0B004437E4 /* UserData.swift */,
			);
			path = Model;
			sourceTree = "<group>";
		};
		E4712B192CA41816004437E4 /* TextFieldsGroupView */ = {
			isa = PBXGroup;
			children = (
				E4712B1A2CA4182B004437E4 /* TextFieldsGroupView.swift */,
			);
			path = TextFieldsGroupView;
			sourceTree = "<group>";
		};
		E4A303F92CA52C42006978A9 /* Services */ = {
			isa = PBXGroup;
			children = (
				E4712ACB2CA28CDF004437E4 /* NetworkService */,
			);
			path = Services;
			sourceTree = "<group>";
		};
		E4A303FA2CA52CD5006978A9 /* Screens */ = {
			isa = PBXGroup;
			children = (
				E4712AE72CA2A1EF004437E4 /* MainView */,
				E4712ADE2CA29E68004437E4 /* UsersView */,
				E4712AE12CA29EAB004437E4 /* SignUpView */,
				E4A303FB2CA52D09006978A9 /* SecondaryViews */,
			);
			path = Screens;
			sourceTree = "<group>";
		};
		E4A303FB2CA52D09006978A9 /* SecondaryViews */ = {
			isa = PBXGroup;
			children = (
				E4712AFC2CA2DC71004437E4 /* HeaderView.swift */,
				E4712AD52CA2945F004437E4 /* ConnectionView.swift */,
				E4712ACD2CA28E75004437E4 /* SplashScreenView.swift */,
				E4A303FC2CA530E5006978A9 /* SuccessRegisteredView.swift */,
				E4A3040B2CA5B369006978A9 /* AlreadyRegisteredView.swift */,
				E4A304112CA73534006978A9 /* NoUsersView.swift */,
			);
			path = SecondaryViews;
			sourceTree = "<group>";
		};
		E4A304042CA5665F006978A9 /* UserView */ = {
			isa = PBXGroup;
			children = (
				E4712AF72CA2C88C004437E4 /* UserView.swift */,
				E4712AF92CA2CFF7004437E4 /* UserDetailView.swift */,
			);
			path = UserView;
			sourceTree = "<group>";
		};
/* End PBXGroup section */

/* Begin PBXNativeTarget section */
		E4712AB82CA28BD1004437E4 /* TestTask */ = {
			isa = PBXNativeTarget;
			buildConfigurationList = E4712AC72CA28BD2004437E4 /* Build configuration list for PBXNativeTarget "TestTask" */;
			buildPhases = (
				E4712AB52CA28BD1004437E4 /* Sources */,
				E4712AB62CA28BD1004437E4 /* Frameworks */,
				E4712AB72CA28BD1004437E4 /* Resources */,
			);
			buildRules = (
			);
			dependencies = (
			);
			name = TestTask;
			productName = TestTask;
			productReference = E4712AB92CA28BD1004437E4 /* TestTask.app */;
			productType = "com.apple.product-type.application";
		};
/* End PBXNativeTarget section */

/* Begin PBXProject section */
		E4712AB12CA28BD1004437E4 /* Project object */ = {
			isa = PBXProject;
			attributes = {
				BuildIndependentTargetsInParallel = 1;
				LastSwiftUpdateCheck = 1540;
				LastUpgradeCheck = 1540;
				TargetAttributes = {
					E4712AB82CA28BD1004437E4 = {
						CreatedOnToolsVersion = 15.4;
					};
				};
			};
			buildConfigurationList = E4712AB42CA28BD1004437E4 /* Build configuration list for PBXProject "TestTask" */;
			compatibilityVersion = "Xcode 14.0";
			developmentRegion = en;
			hasScannedForEncodings = 0;
			knownRegions = (
				en,
				Base,
			);
			mainGroup = E4712AB02CA28BD1004437E4;
			productRefGroup = E4712ABA2CA28BD1004437E4 /* Products */;
			projectDirPath = "";
			projectRoot = "";
			targets = (
				E4712AB82CA28BD1004437E4 /* TestTask */,
			);
		};
/* End PBXProject section */

/* Begin PBXResourcesBuildPhase section */
		E4712AB72CA28BD1004437E4 /* Resources */ = {
			isa = PBXResourcesBuildPhase;
			buildActionMask = 2147483647;
			files = (
				E4712AC42CA28BD2004437E4 /* Preview Assets.xcassets in Resources */,
				E4712AC12CA28BD2004437E4 /* Assets.xcassets in Resources */,
			);
			runOnlyForDeploymentPostprocessing = 0;
		};
/* End PBXResourcesBuildPhase section */

/* Begin PBXSourcesBuildPhase section */
		E4712AB52CA28BD1004437E4 /* Sources */ = {
			isa = PBXSourcesBuildPhase;
			buildActionMask = 2147483647;
			files = (
				E4712AEC2CA2A2C0004437E4 /* NetworkService.swift in Sources */,
				E4712B142CA3F98A004437E4 /* SignUpButoonView.swift in Sources */,
				E4712AF02CA2AA85004437E4 /* UsersResponseData.swift in Sources */,
				E4A3040C2CA5B369006978A9 /* AlreadyRegisteredView.swift in Sources */,
				E4712B062CA2EBCE004437E4 /* SignUpViewModel.swift in Sources */,
				E4712B1F2CA45521004437E4 /* View+.swift in Sources */,
				E4712B002CA2DF89004437E4 /* PositionsView.swift in Sources */,
				E4A304012CA5341A006978A9 /* SignUpViewModel+registerUser.swift in Sources */,
				E4712ABF2CA28BD1004437E4 /* ContentView.swift in Sources */,
				E4712ADB2CA2971D004437E4 /* MainView.swift in Sources */,
				E4712AF82CA2C88C004437E4 /* UserView.swift in Sources */,
				E4712B0C2CA33838004437E4 /* TextField+.swift in Sources */,
				E4712AD92CA29612004437E4 /* NetworkMonitor.swift in Sources */,
				E4712AF42CA2B17E004437E4 /* User.swift in Sources */,
				E4712B182CA41648004437E4 /* TokenResponseData.swift in Sources */,
				E4A3040E2CA5C5C2006978A9 /* KeyboardResponse.swift in Sources */,
				E4A303FF2CA533A3006978A9 /* SignUpViewModel+fetchToken.swift in Sources */,
				E4712ABD2CA28BD1004437E4 /* TestTaskApp.swift in Sources */,
				E4712B0A2CA33427004437E4 /* Colors.swift in Sources */,
				E4712B212CA4568D004437E4 /* Data+.swift in Sources */,
				E4712B022CA2E340004437E4 /* RadioButton.swift in Sources */,
				E4A304032CA56636006978A9 /* UsersListViewModel.swift in Sources */,
				E4A304062CA5725E006978A9 /* MainViewModel.swift in Sources */,
				E4712AF62CA2C25D004437E4 /* NetworkApiMethods.swift in Sources */,
				E4712B042CA2E6E2004437E4 /* PositionsResponseData.swift in Sources */,
				E4A3040A2CA59B9A006978A9 /* Text+.swift in Sources */,
				E4712ACE2CA28E75004437E4 /* SplashScreenView.swift in Sources */,
				E4A303FD2CA530E5006978A9 /* SuccessRegisteredView.swift in Sources */,
				E4712B1B2CA4182B004437E4 /* TextFieldsGroupView.swift in Sources */,
				E4712AD12CA29341004437E4 /* Button+.swift in Sources */,
				E4712B1D2CA41B0B004437E4 /* UserData.swift in Sources */,
				E4712B112CA3E91D004437E4 /* UploadPhotoView.swift in Sources */,
				E4712AD62CA2945F004437E4 /* ConnectionView.swift in Sources */,
				E4712AE32CA29EBC004437E4 /* SignUpView.swift in Sources */,
				E4712AFA2CA2CFF7004437E4 /* UserDetailView.swift in Sources */,
				E4712AE02CA29E74004437E4 /* UsersListView.swift in Sources */,
				E4A304102CA7338F006978A9 /* Fonts.swift in Sources */,
				E4712AFD2CA2DC71004437E4 /* HeaderView.swift in Sources */,
				E4A304122CA73534006978A9 /* NoUsersView.swift in Sources */,
			);
			runOnlyForDeploymentPostprocessing = 0;
		};
/* End PBXSourcesBuildPhase section */

/* Begin XCBuildConfiguration section */
		E4712AC52CA28BD2004437E4 /* Debug */ = {
			isa = XCBuildConfiguration;
			buildSettings = {
				ALWAYS_SEARCH_USER_PATHS = NO;
				ASSETCATALOG_COMPILER_GENERATE_SWIFT_ASSET_SYMBOL_EXTENSIONS = YES;
				CLANG_ANALYZER_NONNULL = YES;
				CLANG_ANALYZER_NUMBER_OBJECT_CONVERSION = YES_AGGRESSIVE;
				CLANG_CXX_LANGUAGE_STANDARD = "gnu++20";
				CLANG_ENABLE_MODULES = YES;
				CLANG_ENABLE_OBJC_ARC = YES;
				CLANG_ENABLE_OBJC_WEAK = YES;
				CLANG_WARN_BLOCK_CAPTURE_AUTORELEASING = YES;
				CLANG_WARN_BOOL_CONVERSION = YES;
				CLANG_WARN_COMMA = YES;
				CLANG_WARN_CONSTANT_CONVERSION = YES;
				CLANG_WARN_DEPRECATED_OBJC_IMPLEMENTATIONS = YES;
				CLANG_WARN_DIRECT_OBJC_ISA_USAGE = YES_ERROR;
				CLANG_WARN_DOCUMENTATION_COMMENTS = YES;
				CLANG_WARN_EMPTY_BODY = YES;
				CLANG_WARN_ENUM_CONVERSION = YES;
				CLANG_WARN_INFINITE_RECURSION = YES;
				CLANG_WARN_INT_CONVERSION = YES;
				CLANG_WARN_NON_LITERAL_NULL_CONVERSION = YES;
				CLANG_WARN_OBJC_IMPLICIT_RETAIN_SELF = YES;
				CLANG_WARN_OBJC_LITERAL_CONVERSION = YES;
				CLANG_WARN_OBJC_ROOT_CLASS = YES_ERROR;
				CLANG_WARN_QUOTED_INCLUDE_IN_FRAMEWORK_HEADER = YES;
				CLANG_WARN_RANGE_LOOP_ANALYSIS = YES;
				CLANG_WARN_STRICT_PROTOTYPES = YES;
				CLANG_WARN_SUSPICIOUS_MOVE = YES;
				CLANG_WARN_UNGUARDED_AVAILABILITY = YES_AGGRESSIVE;
				CLANG_WARN_UNREACHABLE_CODE = YES;
				CLANG_WARN__DUPLICATE_METHOD_MATCH = YES;
				COPY_PHASE_STRIP = NO;
				DEBUG_INFORMATION_FORMAT = dwarf;
				ENABLE_STRICT_OBJC_MSGSEND = YES;
				ENABLE_TESTABILITY = YES;
				ENABLE_USER_SCRIPT_SANDBOXING = YES;
				GCC_C_LANGUAGE_STANDARD = gnu17;
				GCC_DYNAMIC_NO_PIC = NO;
				GCC_NO_COMMON_BLOCKS = YES;
				GCC_OPTIMIZATION_LEVEL = 0;
				GCC_PREPROCESSOR_DEFINITIONS = (
					"DEBUG=1",
					"$(inherited)",
				);
				GCC_WARN_64_TO_32_BIT_CONVERSION = YES;
				GCC_WARN_ABOUT_RETURN_TYPE = YES_ERROR;
				GCC_WARN_UNDECLARED_SELECTOR = YES;
				GCC_WARN_UNINITIALIZED_AUTOS = YES_AGGRESSIVE;
				GCC_WARN_UNUSED_FUNCTION = YES;
				GCC_WARN_UNUSED_VARIABLE = YES;
				IPHONEOS_DEPLOYMENT_TARGET = 16.0;
				LOCALIZATION_PREFERS_STRING_CATALOGS = YES;
				MTL_ENABLE_DEBUG_INFO = INCLUDE_SOURCE;
				MTL_FAST_MATH = YES;
				ONLY_ACTIVE_ARCH = YES;
				SDKROOT = iphoneos;
				SWIFT_ACTIVE_COMPILATION_CONDITIONS = "DEBUG $(inherited)";
				SWIFT_OPTIMIZATION_LEVEL = "-Onone";
			};
			name = Debug;
		};
		E4712AC62CA28BD2004437E4 /* Release */ = {
			isa = XCBuildConfiguration;
			buildSettings = {
				ALWAYS_SEARCH_USER_PATHS = NO;
				ASSETCATALOG_COMPILER_GENERATE_SWIFT_ASSET_SYMBOL_EXTENSIONS = YES;
				CLANG_ANALYZER_NONNULL = YES;
				CLANG_ANALYZER_NUMBER_OBJECT_CONVERSION = YES_AGGRESSIVE;
				CLANG_CXX_LANGUAGE_STANDARD = "gnu++20";
				CLANG_ENABLE_MODULES = YES;
				CLANG_ENABLE_OBJC_ARC = YES;
				CLANG_ENABLE_OBJC_WEAK = YES;
				CLANG_WARN_BLOCK_CAPTURE_AUTORELEASING = YES;
				CLANG_WARN_BOOL_CONVERSION = YES;
				CLANG_WARN_COMMA = YES;
				CLANG_WARN_CONSTANT_CONVERSION = YES;
				CLANG_WARN_DEPRECATED_OBJC_IMPLEMENTATIONS = YES;
				CLANG_WARN_DIRECT_OBJC_ISA_USAGE = YES_ERROR;
				CLANG_WARN_DOCUMENTATION_COMMENTS = YES;
				CLANG_WARN_EMPTY_BODY = YES;
				CLANG_WARN_ENUM_CONVERSION = YES;
				CLANG_WARN_INFINITE_RECURSION = YES;
				CLANG_WARN_INT_CONVERSION = YES;
				CLANG_WARN_NON_LITERAL_NULL_CONVERSION = YES;
				CLANG_WARN_OBJC_IMPLICIT_RETAIN_SELF = YES;
				CLANG_WARN_OBJC_LITERAL_CONVERSION = YES;
				CLANG_WARN_OBJC_ROOT_CLASS = YES_ERROR;
				CLANG_WARN_QUOTED_INCLUDE_IN_FRAMEWORK_HEADER = YES;
				CLANG_WARN_RANGE_LOOP_ANALYSIS = YES;
				CLANG_WARN_STRICT_PROTOTYPES = YES;
				CLANG_WARN_SUSPICIOUS_MOVE = YES;
				CLANG_WARN_UNGUARDED_AVAILABILITY = YES_AGGRESSIVE;
				CLANG_WARN_UNREACHABLE_CODE = YES;
				CLANG_WARN__DUPLICATE_METHOD_MATCH = YES;
				COPY_PHASE_STRIP = NO;
				DEBUG_INFORMATION_FORMAT = "dwarf-with-dsym";
				ENABLE_NS_ASSERTIONS = NO;
				ENABLE_STRICT_OBJC_MSGSEND = YES;
				ENABLE_USER_SCRIPT_SANDBOXING = YES;
				GCC_C_LANGUAGE_STANDARD = gnu17;
				GCC_NO_COMMON_BLOCKS = YES;
				GCC_WARN_64_TO_32_BIT_CONVERSION = YES;
				GCC_WARN_ABOUT_RETURN_TYPE = YES_ERROR;
				GCC_WARN_UNDECLARED_SELECTOR = YES;
				GCC_WARN_UNINITIALIZED_AUTOS = YES_AGGRESSIVE;
				GCC_WARN_UNUSED_FUNCTION = YES;
				GCC_WARN_UNUSED_VARIABLE = YES;
				IPHONEOS_DEPLOYMENT_TARGET = 16.0;
				LOCALIZATION_PREFERS_STRING_CATALOGS = YES;
				MTL_ENABLE_DEBUG_INFO = NO;
				MTL_FAST_MATH = YES;
				SDKROOT = iphoneos;
				SWIFT_COMPILATION_MODE = wholemodule;
				VALIDATE_PRODUCT = YES;
			};
			name = Release;
		};
		E4712AC82CA28BD2004437E4 /* Debug */ = {
			isa = XCBuildConfiguration;
			buildSettings = {
				ASSETCATALOG_COMPILER_APPICON_NAME = AppIcon;
				ASSETCATALOG_COMPILER_GLOBAL_ACCENT_COLOR_NAME = AccentColor;
				CODE_SIGN_STYLE = Automatic;
				CURRENT_PROJECT_VERSION = 1;
				DEVELOPMENT_ASSET_PATHS = "\"TestTask/Preview Content\"";
				DEVELOPMENT_TEAM = H5JZ2X9AGC;
				ENABLE_PREVIEWS = YES;
				GENERATE_INFOPLIST_FILE = YES;
				INFOPLIST_KEY_UIApplicationSceneManifest_Generation = YES;
				INFOPLIST_KEY_UIApplicationSupportsIndirectInputEvents = YES;
				INFOPLIST_KEY_UILaunchScreen_Generation = YES;
				INFOPLIST_KEY_UISupportedInterfaceOrientations_iPad = "UIInterfaceOrientationPortrait UIInterfaceOrientationPortraitUpsideDown UIInterfaceOrientationLandscapeLeft UIInterfaceOrientationLandscapeRight";
				INFOPLIST_KEY_UISupportedInterfaceOrientations_iPhone = "UIInterfaceOrientationPortrait UIInterfaceOrientationLandscapeLeft UIInterfaceOrientationLandscapeRight";
				IPHONEOS_DEPLOYMENT_TARGET = 16.0;
				LD_RUNPATH_SEARCH_PATHS = (
					"$(inherited)",
					"@executable_path/Frameworks",
				);
				MARKETING_VERSION = 1.0;
				PRODUCT_BUNDLE_IDENTIFIER = com.klykavka.TestTask;
				PRODUCT_NAME = "$(TARGET_NAME)";
				SWIFT_EMIT_LOC_STRINGS = YES;
				SWIFT_VERSION = 5.0;
				TARGETED_DEVICE_FAMILY = "1,2";
			};
			name = Debug;
		};
		E4712AC92CA28BD2004437E4 /* Release */ = {
			isa = XCBuildConfiguration;
			buildSettings = {
				ASSETCATALOG_COMPILER_APPICON_NAME = AppIcon;
				ASSETCATALOG_COMPILER_GLOBAL_ACCENT_COLOR_NAME = AccentColor;
				CODE_SIGN_STYLE = Automatic;
				CURRENT_PROJECT_VERSION = 1;
				DEVELOPMENT_ASSET_PATHS = "\"TestTask/Preview Content\"";
				DEVELOPMENT_TEAM = H5JZ2X9AGC;
				ENABLE_PREVIEWS = YES;
				GENERATE_INFOPLIST_FILE = YES;
				INFOPLIST_KEY_UIApplicationSceneManifest_Generation = YES;
				INFOPLIST_KEY_UIApplicationSupportsIndirectInputEvents = YES;
				INFOPLIST_KEY_UILaunchScreen_Generation = YES;
				INFOPLIST_KEY_UISupportedInterfaceOrientations_iPad = "UIInterfaceOrientationPortrait UIInterfaceOrientationPortraitUpsideDown UIInterfaceOrientationLandscapeLeft UIInterfaceOrientationLandscapeRight";
				INFOPLIST_KEY_UISupportedInterfaceOrientations_iPhone = "UIInterfaceOrientationPortrait UIInterfaceOrientationLandscapeLeft UIInterfaceOrientationLandscapeRight";
				IPHONEOS_DEPLOYMENT_TARGET = 16.0;
				LD_RUNPATH_SEARCH_PATHS = (
					"$(inherited)",
					"@executable_path/Frameworks",
				);
				MARKETING_VERSION = 1.0;
				PRODUCT_BUNDLE_IDENTIFIER = com.klykavka.TestTask;
				PRODUCT_NAME = "$(TARGET_NAME)";
				SWIFT_EMIT_LOC_STRINGS = YES;
				SWIFT_VERSION = 5.0;
				TARGETED_DEVICE_FAMILY = "1,2";
			};
			name = Release;
		};
/* End XCBuildConfiguration section */

/* Begin XCConfigurationList section */
		E4712AB42CA28BD1004437E4 /* Build configuration list for PBXProject "TestTask" */ = {
			isa = XCConfigurationList;
			buildConfigurations = (
				E4712AC52CA28BD2004437E4 /* Debug */,
				E4712AC62CA28BD2004437E4 /* Release */,
			);
			defaultConfigurationIsVisible = 0;
			defaultConfigurationName = Release;
		};
		E4712AC72CA28BD2004437E4 /* Build configuration list for PBXNativeTarget "TestTask" */ = {
			isa = XCConfigurationList;
			buildConfigurations = (
				E4712AC82CA28BD2004437E4 /* Debug */,
				E4712AC92CA28BD2004437E4 /* Release */,
			);
			defaultConfigurationIsVisible = 0;
			defaultConfigurationName = Release;
		};
/* End XCConfigurationList section */
	};
	rootObject = E4712AB12CA28BD1004437E4 /* Project object */;
}
